
Microsoft Visual Studio Solution File, Format Version 12.00
# Visual Studio Version 17
VisualStudioVersion = 17.13.35919.96 d17.13
MinimumVisualStudioVersion = 10.0.40219.1
Project("{FAE04EC0-301F-11D3-BF4B-00C04F79EFBC}") = "ImagensDinamicas", "ImagensDinamicas\ImagensDinamicas.csproj", "{04C2151B-1B07-47C5-A79A-680C97CC2306}"
EndProject
Global
	GlobalSection(SolutionConfigurationPlatforms) = preSolution
		Debug|Any CPU = Debug|Any CPU
		Release|Any CPU = Release|Any CPU
	EndGlobalSection
	GlobalSection(ProjectConfigurationPlatforms) = postSolution
		{04C2151B-1B07-47C5-A79A-680C97CC2306}.Debug|Any CPU.ActiveCfg = Debug|Any CPU
		{04C2151B-1B07-47C5-A79A-680C97CC2306}.Debug|Any CPU.Build.0 = Debug|Any CPU
		{04C2151B-1B07-47C5-A79A-680C97CC2306}.Release|Any CPU.ActiveCfg = Release|Any CPU
		{04C2151B-1B07-47C5-A79A-680C97CC2306}.Release|Any CPU.Build.0 = Release|Any CPU
	EndGlobalSection
	GlobalSection(SolutionProperties) = preSolution
		HideSolutionNode = FALSE
	EndGlobalSection
	GlobalSection(ExtensibilityGlobals) = postSolution
		SolutionGuid = {19859CB3-F17A-4D15-80B6-FF13F1659D38}
	EndGlobalSection
EndGlobal
